{
  "nodes": {
    "nixpkgs": {
      "locked": {
        "lastModified": 1781913064,
        "narHash": "sha256-dH4bn/TfMV6+B6IA5dp6xpYdeE0RK3WqB5bcsMx6rqo=",
        "owner": "NixOS",
        "repo": "nixpkgs",
        "rev": "d25a391ba507bc1cb32a8a732a2deb0d9dd16ad6",
        "type": "github"
      },
      "original": {
        "owner": "NixOS",
        "ref": "nixpkgs-unstable",
        "repo": "nixpkgs",
        "type": "github"
      }
    },
    "root": {
      "inputs": {
        "nixpkgs": "nixpkgs"
      }
    }
  },
  "root": "root",
  "version": 7
}
